
Microsoft Visual Studio Solution File, Format Version 12.00
# Visual Studio Version 17
VisualStudioVersion = 17.3.32804.467
MinimumVisualStudioVersion = 10.0.40219.1
Project("{8BC9CEB8-8B4A-11D0-8D11-00A0C91BC942}") = "BST inster inorder saerch", "BST inster inorder saerch\BST inster inorder saerch.vcxproj", "{4BC45470-F04C-419A-A387-C5BE872F2132}"
EndProject
Global
	GlobalSection(SolutionConfigurationPlatforms) = preSolution
		Debug|x64 = Debug|x64
		Debug|x86 = Debug|x86
		Release|x64 = Release|x64
		Release|x86 = Release|x86
	EndGlobalSection
	GlobalSection(ProjectConfigurationPlatforms) = postSolution
		{4BC45470-F04C-419A-A387-C5BE872F2132}.Debug|x64.ActiveCfg = Debug|x64
		{4BC45470-F04C-419A-A387-C5BE872F2132}.Debug|x64.Build.0 = Debug|x64
		{4BC45470-F04C-419A-A387-C5BE872F2132}.Debug|x86.ActiveCfg = Debug|Win32
		{4BC45470-F04C-419A-A387-C5BE872F2132}.Debug|x86.Build.0 = Debug|Win32
		{4BC45470-F04C-419A-A387-C5BE872F2132}.Release|x64.ActiveCfg = Release|x64
		{4BC45470-F04C-419A-A387-C5BE872F2132}.Release|x64.Build.0 = Release|x64
		{4BC45470-F04C-419A-A387-C5BE872F2132}.Release|x86.ActiveCfg = Release|Win32
		{4BC45470-F04C-419A-A387-C5BE872F2132}.Release|x86.Build.0 = Release|Win32
	EndGlobalSection
	GlobalSection(SolutionProperties) = preSolution
		HideSolutionNode = FALSE
	EndGlobalSection
	GlobalSection(ExtensibilityGlobals) = postSolution
		SolutionGuid = {C6CA3991-344F-4CAE-9E60-7E8370CE1108}
	EndGlobalSection
EndGlobal
