
Microsoft Visual Studio Solution File, Format Version 12.00
# Visual Studio Version 17
VisualStudioVersion = 17.1.32407.343
MinimumVisualStudioVersion = 10.0.40219.1
Project("{8BC9CEB8-8B4A-11D0-8D11-00A0C91BC942}") = "Indirect Recurtion", "Indirect Recurtion\Indirect Recurtion.vcxproj", "{3E069136-F62F-44EC-B4BE-368DA833FE46}"
EndProject
Global
	GlobalSection(SolutionConfigurationPlatforms) = preSolution
		Debug|x64 = Debug|x64
		Debug|x86 = Debug|x86
		Release|x64 = Release|x64
		Release|x86 = Release|x86
	EndGlobalSection
	GlobalSection(ProjectConfigurationPlatforms) = postSolution
		{3E069136-F62F-44EC-B4BE-368DA833FE46}.Debug|x64.ActiveCfg = Debug|x64
		{3E069136-F62F-44EC-B4BE-368DA833FE46}.Debug|x64.Build.0 = Debug|x64
		{3E069136-F62F-44EC-B4BE-368DA833FE46}.Debug|x86.ActiveCfg = Debug|Win32
		{3E069136-F62F-44EC-B4BE-368DA833FE46}.Debug|x86.Build.0 = Debug|Win32
		{3E069136-F62F-44EC-B4BE-368DA833FE46}.Release|x64.ActiveCfg = Release|x64
		{3E069136-F62F-44EC-B4BE-368DA833FE46}.Release|x64.Build.0 = Release|x64
		{3E069136-F62F-44EC-B4BE-368DA833FE46}.Release|x86.ActiveCfg = Release|Win32
		{3E069136-F62F-44EC-B4BE-368DA833FE46}.Release|x86.Build.0 = Release|Win32
	EndGlobalSection
	GlobalSection(SolutionProperties) = preSolution
		HideSolutionNode = FALSE
	EndGlobalSection
	GlobalSection(ExtensibilityGlobals) = postSolution
		SolutionGuid = {770976F4-22C0-4B15-A41F-50829EE01D84}
	EndGlobalSection
EndGlobal
