
Microsoft Visual Studio Solution File, Format Version 12.00
# Visual Studio Version 17
VisualStudioVersion = 17.1.32407.343
MinimumVisualStudioVersion = 10.0.40219.1
Project("{8BC9CEB8-8B4A-11D0-8D11-00A0C91BC942}") = "Function Pointers", "Function Pointers\Function Pointers.vcxproj", "{49DF5AF3-F3F1-4C94-8826-BB2793DB08C8}"
EndProject
Global
	GlobalSection(SolutionConfigurationPlatforms) = preSolution
		Debug|x64 = Debug|x64
		Debug|x86 = Debug|x86
		Release|x64 = Release|x64
		Release|x86 = Release|x86
	EndGlobalSection
	GlobalSection(ProjectConfigurationPlatforms) = postSolution
		{49DF5AF3-F3F1-4C94-8826-BB2793DB08C8}.Debug|x64.ActiveCfg = Debug|x64
		{49DF5AF3-F3F1-4C94-8826-BB2793DB08C8}.Debug|x64.Build.0 = Debug|x64
		{49DF5AF3-F3F1-4C94-8826-BB2793DB08C8}.Debug|x86.ActiveCfg = Debug|Win32
		{49DF5AF3-F3F1-4C94-8826-BB2793DB08C8}.Debug|x86.Build.0 = Debug|Win32
		{49DF5AF3-F3F1-4C94-8826-BB2793DB08C8}.Release|x64.ActiveCfg = Release|x64
		{49DF5AF3-F3F1-4C94-8826-BB2793DB08C8}.Release|x64.Build.0 = Release|x64
		{49DF5AF3-F3F1-4C94-8826-BB2793DB08C8}.Release|x86.ActiveCfg = Release|Win32
		{49DF5AF3-F3F1-4C94-8826-BB2793DB08C8}.Release|x86.Build.0 = Release|Win32
	EndGlobalSection
	GlobalSection(SolutionProperties) = preSolution
		HideSolutionNode = FALSE
	EndGlobalSection
	GlobalSection(ExtensibilityGlobals) = postSolution
		SolutionGuid = {CF929AD2-623D-4DA2-AE7F-EEAECFFDA41D}
	EndGlobalSection
EndGlobal
